Microsoft Visual Studio Solution File, Format Version 12.00
# Visual Studio Version 17
VisualStudioVersion = 17.5.2.0
MinimumVisualStudioVersion = 10.0.40219.1
Project("{FAE04EC0-301F-11D3-BF4B-00C04F79EFBC}") = "FrontEndNET-MercadoLibre", "FrontEndNET-MercadoLibre.csproj", "{BCBEE87C-80AF-A0D0-E5B8-B57FADB0F94C}"
EndProject
Global
	GlobalSection(SolutionConfigurationPlatforms) = preSolution
		Debug|Any CPU = Debug|Any CPU
		Release|Any CPU = Release|Any CPU
	EndGlobalSection
	GlobalSection(ProjectConfigurationPlatforms) = postSolution
		{BCBEE87C-80AF-A0D0-E5B8-B57FADB0F94C}.Debug|Any CPU.ActiveCfg = Debug|Any CPU
		{BCBEE87C-80AF-A0D0-E5B8-B57FADB0F94C}.Debug|Any CPU.Build.0 = Debug|Any CPU
		{BCBEE87C-80AF-A0D0-E5B8-B57FADB0F94C}.Release|Any CPU.ActiveCfg = Release|Any CPU
		{BCBEE87C-80AF-A0D0-E5B8-B57FADB0F94C}.Release|Any CPU.Build.0 = Release|Any CPU
	EndGlobalSection
	GlobalSection(SolutionProperties) = preSolution
		HideSolutionNode = FALSE
	EndGlobalSection
	GlobalSection(ExtensibilityGlobals) = postSolution
		SolutionGuid = {8F74413C-AD34-419D-AAE9-8F68504ED262}
	EndGlobalSection
EndGlobal
